
Microsoft Visual Studio Solution File, Format Version 12.00
# Visual Studio Version 16
VisualStudioVersion = 16.0.30907.101
MinimumVisualStudioVersion = 10.0.40219.1
Project("{9A19103F-16F7-4668-BE54-9A1E7A4F7556}") = "ClassMetotDemo", "ClassMetotDemo.csproj", "{7FEC6FF3-0AFF-49C3-98EE-43CC2E51AD2B}"
EndProject
Project("{9A19103F-16F7-4668-BE54-9A1E7A4F7556}") = "OOP1", "..\OOP1\OOP1.csproj", "{76CA34D4-D1B3-42ED-9906-F9CFC04CFF32}"
EndProject
Project("{9A19103F-16F7-4668-BE54-9A1E7A4F7556}") = "Koleksiyonlar", "..\Koleksiyonlar\Koleksiyonlar.csproj", "{19EEBA0F-0857-44C4-A3E9-8A903BA838BF}"
EndProject
Project("{9A19103F-16F7-4668-BE54-9A1E7A4F7556}") = "GenericsIntro", "..\GenericsIntro\GenericsIntro.csproj", "{9B22F792-B81D-4E90-A568-EF6E2206B4BB}"
EndProject
Project("{9A19103F-16F7-4668-BE54-9A1E7A4F7556}") = "Dictionary", "..\Dictionary\Dictionary.csproj", "{183C2CA4-A0D9-4D28-9C96-BFA111E5821A}"
EndProject
Project("{9A19103F-16F7-4668-BE54-9A1E7A4F7556}") = "Oop2", "..\Oop2\Oop2.csproj", "{63652D3E-8F38-4543-8660-555DF7E1345E}"
EndProject
Project("{FAE04EC0-301F-11D3-BF4B-00C04F79EFBC}") = "Oop3", "..\Oop3\Oop3.csproj", "{28CBECFC-BA3A-462C-8E6E-C2E495E12B08}"
EndProject
Global
	GlobalSection(SolutionConfigurationPlatforms) = preSolution
		Debug|Any CPU = Debug|Any CPU
		Release|Any CPU = Release|Any CPU
	EndGlobalSection
	GlobalSection(ProjectConfigurationPlatforms) = postSolution
		{7FEC6FF3-0AFF-49C3-98EE-43CC2E51AD2B}.Debug|Any CPU.ActiveCfg = Debug|Any CPU
		{7FEC6FF3-0AFF-49C3-98EE-43CC2E51AD2B}.Debug|Any CPU.Build.0 = Debug|Any CPU
		{7FEC6FF3-0AFF-49C3-98EE-43CC2E51AD2B}.Release|Any CPU.ActiveCfg = Release|Any CPU
		{7FEC6FF3-0AFF-49C3-98EE-43CC2E51AD2B}.Release|Any CPU.Build.0 = Release|Any CPU
		{76CA34D4-D1B3-42ED-9906-F9CFC04CFF32}.Debug|Any CPU.ActiveCfg = Debug|Any CPU
		{76CA34D4-D1B3-42ED-9906-F9CFC04CFF32}.Debug|Any CPU.Build.0 = Debug|Any CPU
		{76CA34D4-D1B3-42ED-9906-F9CFC04CFF32}.Release|Any CPU.ActiveCfg = Release|Any CPU
		{76CA34D4-D1B3-42ED-9906-F9CFC04CFF32}.Release|Any CPU.Build.0 = Release|Any CPU
		{19EEBA0F-0857-44C4-A3E9-8A903BA838BF}.Debug|Any CPU.ActiveCfg = Debug|Any CPU
		{19EEBA0F-0857-44C4-A3E9-8A903BA838BF}.Debug|Any CPU.Build.0 = Debug|Any CPU
		{19EEBA0F-0857-44C4-A3E9-8A903BA838BF}.Release|Any CPU.ActiveCfg = Release|Any CPU
		{19EEBA0F-0857-44C4-A3E9-8A903BA838BF}.Release|Any CPU.Build.0 = Release|Any CPU
		{9B22F792-B81D-4E90-A568-EF6E2206B4BB}.Debug|Any CPU.ActiveCfg = Debug|Any CPU
		{9B22F792-B81D-4E90-A568-EF6E2206B4BB}.Debug|Any CPU.Build.0 = Debug|Any CPU
		{9B22F792-B81D-4E90-A568-EF6E2206B4BB}.Release|Any CPU.ActiveCfg = Release|Any CPU
		{9B22F792-B81D-4E90-A568-EF6E2206B4BB}.Release|Any CPU.Build.0 = Release|Any CPU
		{183C2CA4-A0D9-4D28-9C96-BFA111E5821A}.Debug|Any CPU.ActiveCfg = Debug|Any CPU
		{183C2CA4-A0D9-4D28-9C96-BFA111E5821A}.Debug|Any CPU.Build.0 = Debug|Any CPU
		{183C2CA4-A0D9-4D28-9C96-BFA111E5821A}.Release|Any CPU.ActiveCfg = Release|Any CPU
		{183C2CA4-A0D9-4D28-9C96-BFA111E5821A}.Release|Any CPU.Build.0 = Release|Any CPU
		{63652D3E-8F38-4543-8660-555DF7E1345E}.Debug|Any CPU.ActiveCfg = Debug|Any CPU
		{63652D3E-8F38-4543-8660-555DF7E1345E}.Debug|Any CPU.Build.0 = Debug|Any CPU
		{63652D3E-8F38-4543-8660-555DF7E1345E}.Release|Any CPU.ActiveCfg = Release|Any CPU
		{63652D3E-8F38-4543-8660-555DF7E1345E}.Release|Any CPU.Build.0 = Release|Any CPU
		{28CBECFC-BA3A-462C-8E6E-C2E495E12B08}.Debug|Any CPU.ActiveCfg = Debug|Any CPU
		{28CBECFC-BA3A-462C-8E6E-C2E495E12B08}.Debug|Any CPU.Build.0 = Debug|Any CPU
		{28CBECFC-BA3A-462C-8E6E-C2E495E12B08}.Release|Any CPU.ActiveCfg = Release|Any CPU
		{28CBECFC-BA3A-462C-8E6E-C2E495E12B08}.Release|Any CPU.Build.0 = Release|Any CPU
	EndGlobalSection
	GlobalSection(SolutionProperties) = preSolution
		HideSolutionNode = FALSE
	EndGlobalSection
	GlobalSection(ExtensibilityGlobals) = postSolution
		SolutionGuid = {127FD559-9E94-427E-A85C-D242A3A03296}
	EndGlobalSection
EndGlobal
